
Microsoft Visual Studio Solution File, Format Version 12.00
# Visual Studio Version 16
VisualStudioVersion = 16.0.29609.76
MinimumVisualStudioVersion = 10.0.40219.1
Project("{9A19103F-16F7-4668-BE54-9A1E7A4F7556}") = "Solid.Lib", "Src\Solid.Lib\Solid.Lib.csproj", "{F158E600-5337-4CB5-9341-CAD213884600}"
EndProject
Project("{9A19103F-16F7-4668-BE54-9A1E7A4F7556}") = "Solid.UnitTests", "Tests\Solid.UnitTests\Solid.UnitTests.csproj", "{912BF49F-51B3-41B7-8E77-BE809B574A98}"
EndProject
Global
	GlobalSection(SolutionConfigurationPlatforms) = preSolution
		Debug|Any CPU = Debug|Any CPU
		Release|Any CPU = Release|Any CPU
	EndGlobalSection
	GlobalSection(ProjectConfigurationPlatforms) = postSolution
		{F158E600-5337-4CB5-9341-CAD213884600}.Debug|Any CPU.ActiveCfg = Debug|Any CPU
		{F158E600-5337-4CB5-9341-CAD213884600}.Debug|Any CPU.Build.0 = Debug|Any CPU
		{F158E600-5337-4CB5-9341-CAD213884600}.Release|Any CPU.ActiveCfg = Release|Any CPU
		{F158E600-5337-4CB5-9341-CAD213884600}.Release|Any CPU.Build.0 = Release|Any CPU
		{912BF49F-51B3-41B7-8E77-BE809B574A98}.Debug|Any CPU.ActiveCfg = Debug|Any CPU
		{912BF49F-51B3-41B7-8E77-BE809B574A98}.Debug|Any CPU.Build.0 = Debug|Any CPU
		{912BF49F-51B3-41B7-8E77-BE809B574A98}.Release|Any CPU.ActiveCfg = Release|Any CPU
		{912BF49F-51B3-41B7-8E77-BE809B574A98}.Release|Any CPU.Build.0 = Release|Any CPU
	EndGlobalSection
	GlobalSection(SolutionProperties) = preSolution
		HideSolutionNode = FALSE
	EndGlobalSection
	GlobalSection(ExtensibilityGlobals) = postSolution
		SolutionGuid = {5E10A6B7-EA3D-46B0-9743-9910714049C1}
	EndGlobalSection
EndGlobal
