
Microsoft Visual Studio Solution File, Format Version 12.00
# Visual Studio Version 16
VisualStudioVersion = 16.0.29609.76
MinimumVisualStudioVersion = 10.0.40219.1
Project("{FAE04EC0-301F-11D3-BF4B-00C04F79EFBC}") = "Solid.UnitTests", "Solid.UnitTests\Solid.UnitTests.csproj", "{5F749954-56E7-43D3-8D33-2EA24F500B0F}"
EndProject
Project("{FAE04EC0-301F-11D3-BF4B-00C04F79EFBC}") = "Solid.Lib", "Solid.Lib\Solid.Lib.csproj", "{4C46997B-D8FE-4A6B-BAA7-988FDD463E32}"
EndProject
Global
	GlobalSection(SolutionConfigurationPlatforms) = preSolution
		Debug|Any CPU = Debug|Any CPU
		Release|Any CPU = Release|Any CPU
	EndGlobalSection
	GlobalSection(ProjectConfigurationPlatforms) = postSolution
		{5F749954-56E7-43D3-8D33-2EA24F500B0F}.Debug|Any CPU.ActiveCfg = Debug|Any CPU
		{5F749954-56E7-43D3-8D33-2EA24F500B0F}.Debug|Any CPU.Build.0 = Debug|Any CPU
		{5F749954-56E7-43D3-8D33-2EA24F500B0F}.Release|Any CPU.ActiveCfg = Release|Any CPU
		{5F749954-56E7-43D3-8D33-2EA24F500B0F}.Release|Any CPU.Build.0 = Release|Any CPU
		{4C46997B-D8FE-4A6B-BAA7-988FDD463E32}.Debug|Any CPU.ActiveCfg = Debug|Any CPU
		{4C46997B-D8FE-4A6B-BAA7-988FDD463E32}.Debug|Any CPU.Build.0 = Debug|Any CPU
		{4C46997B-D8FE-4A6B-BAA7-988FDD463E32}.Release|Any CPU.ActiveCfg = Release|Any CPU
		{4C46997B-D8FE-4A6B-BAA7-988FDD463E32}.Release|Any CPU.Build.0 = Release|Any CPU
	EndGlobalSection
	GlobalSection(SolutionProperties) = preSolution
		HideSolutionNode = FALSE
	EndGlobalSection
	GlobalSection(ExtensibilityGlobals) = postSolution
		SolutionGuid = {5E10A6B7-EA3D-46B0-9743-9910714049C1}
	EndGlobalSection
EndGlobal
